#MicroXplorer Configuration settings - do not modify
Mcu.Family=STM32F4
NVIC.USART3_IRQn=true\:10\:0\:true\:false\:true\:true\:true\:true
Dma.USART3_RX.5.PeriphDataAlignment=DMA_PDATAALIGN_BYTE
ProjectManager.MainLocation=Core/Src
PA6.GPIO_ModeDefaultPP=GPIO_MODE_AF_OD
Dma.UART5_TX.3.MemDataAlignment=DMA_MDATAALIGN_BYTE
PH0-OSC_IN.Signal=RCC_OSC_IN
VP_SYS_VS_tim6.Mode=TIM6
RCC.CortexFreq_Value=16000000
ProjectManager.KeepUserCode=true
Mcu.UserName=STM32F407VGTx
Dma.UART4_TX.2.Direction=DMA_MEMORY_TO_PERIPH
NVIC.TIM6_DAC_IRQn=true\:0\:0\:false\:false\:true\:false\:true\:true
SH.GPXTI14.0=GPIO_EXTI14
PC10.Locked=true
TIM14.OCPolarity_1=TIM_OCPOLARITY_LOW
Dma.USART3_TX.1.MemInc=DMA_MINC_ENABLE
NVIC.DMA1_Stream2_IRQn=true\:5\:0\:false\:false\:true\:true\:false\:true
RCC.PLLCLKFreq_Value=96000000
PC10.Signal=UART4_TX
PC12.Signal=UART5_TX
RCC.PLLQCLKFreq_Value=48000000
Dma.USART3_TX.1.PeriphDataAlignment=DMA_PDATAALIGN_BYTE
ProjectManager.functionlistsort=1-MX_GPIO_Init-GPIO-false-HAL-true,2-MX_DMA_Init-DMA-false-HAL-true,3-SystemClock_Config-RCC-false-HAL-false,4-MX_UART4_Init-UART4-false-HAL-true,5-MX_UART5_Init-UART5-false-HAL-true,6-MX_USART3_UART_Init-USART3-false-HAL-true,7-MX_TIM13_Init-TIM13-false-HAL-true,8-MX_TIM14_Init-TIM14-false-HAL-true,9-MX_CRC_Init-CRC-false-HAL-true
PA2.GPIO_Speed=GPIO_SPEED_FREQ_LOW
PC3.Locked=true
RCC.RTCFreq_Value=32000
PA3.GPIOParameters=GPIO_Speed,PinState,GPIO_ModeDefaultOutputPP
Dma.USART3_TX.1.Instance=DMA1_Stream3
PC1.Locked=true
PA3.GPIO_Speed=GPIO_SPEED_FREQ_LOW
PB11.Signal=GPXTI11
NVIC.DMA1_Stream4_IRQn=true\:5\:0\:false\:false\:true\:true\:false\:true
PA2.GPIOParameters=GPIO_Speed,PinState,GPIO_ModeDefaultOutputPP
PD9.Mode=Asynchronous
PinOutPanel.RotationAngle=0
TIM13.AutoReloadPreload=TIM_AUTORELOAD_PRELOAD_ENABLE
SH.S_TIM13_CH1.0=TIM13_CH1,PWM Generation1 CH1
Dma.UART5_TX.3.Direction=DMA_MEMORY_TO_PERIPH
ProjectManager.StackSize=0x400
PC3.PinState=GPIO_PIN_SET
VP_FREERTOS_VS_CMSIS_V2.Mode=CMSIS_V2
NVIC.UART5_IRQn=true\:10\:0\:true\:false\:true\:true\:true\:true
Dma.USART3_RX.5.MemInc=DMA_MINC_ENABLE
Mcu.IP4=RCC
Dma.UART5_RX.4.MemDataAlignment=DMA_MDATAALIGN_BYTE
Mcu.IP5=SYS
Mcu.IP2=FREERTOS
NVIC.SVCall_IRQn=true\:0\:0\:false\:false\:false\:false\:false\:false
Mcu.IP3=NVIC
Mcu.IP0=CRC
FREERTOS.configENABLE_FPU=1
Mcu.IP1=DMA
Dma.UART5_TX.3.MemInc=DMA_MINC_ENABLE
USART3.BaudRate=57600
Mcu.UserConstants=
PC1.GPIOParameters=PinState,GPIO_ModeDefaultOutputPP
SH.S_TIM14_CH1.0=TIM14_CH1,PWM Generation1 CH1
Mcu.ThirdPartyNb=0
UART4.BaudRate=115200
Mcu.IPNb=11
RCC.I2SClocksFreq_Value=96000000
ProjectManager.PreviousToolchain=
RCC.VcooutputI2S=96000000
Dma.UART5_TX.3.FIFOMode=DMA_FIFOMODE_DISABLE
PC3.Signal=GPIO_Output
Mcu.Pin6=PC2
Mcu.Pin7=PC3
PD8.Signal=USART3_TX
Mcu.Pin8=PA0-WKUP
PE10.Locked=true
Mcu.Pin9=PA1
FREERTOS.IPParameters=Tasks01,configENABLE_FPU
PC1.PinState=GPIO_PIN_SET
RCC.AHBFreq_Value=16000000
PH0-OSC_IN.Mode=HSE-External-Oscillator
Mcu.Pin0=PC14-OSC32_IN
Mcu.Pin1=PC15-OSC32_OUT
PE14.Locked=true
GPIO.groupedBy=Group By Peripherals
Mcu.Pin2=PH0-OSC_IN
Mcu.Pin3=PH1-OSC_OUT
Mcu.Pin4=PC0
NVIC.EXTI15_10_IRQn=true\:5\:0\:true\:false\:true\:true\:true\:true
Mcu.Pin5=PC1
ProjectManager.ProjectBuild=false
RCC.HSE_VALUE=25000000
NVIC.UsageFault_IRQn=true\:0\:0\:false\:false\:true\:false\:false\:false
NVIC.DebugMonitor_IRQn=true\:0\:0\:false\:false\:true\:false\:false\:false
NVIC.TIM8_TRG_COM_TIM14_IRQn=true\:5\:0\:false\:false\:true\:true\:true\:true
PA4.Locked=true
Dma.USART3_TX.1.Mode=DMA_NORMAL
TIM13.Pulse=42*10
Mcu.IP10=USART3
TIM14.Period=42*20-1
NVIC.SysTick_IRQn=true\:15\:0\:false\:false\:false\:true\:false\:true
Dma.UART4_RX.0.MemDataAlignment=DMA_MDATAALIGN_BYTE
PA4.GPIO_Speed=GPIO_SPEED_FREQ_LOW
ProjectManager.FirmwarePackage=STM32Cube FW_F4 V1.25.2
Dma.UART4_TX.2.Instance=DMA1_Stream4
MxDb.Version=DB.6.0.10
PE15.Locked=true
PA2.PinState=GPIO_PIN_SET
ProjectManager.BackupPrevious=false
PC14-OSC32_IN.Mode=LSE-External-Oscillator
RCC.VCOInputFreq_Value=1000000
PE9.Signal=GPIO_Output
PA14.Mode=Serial_Wire
PE8.Locked=true
Dma.UART5_RX.4.Direction=DMA_PERIPH_TO_MEMORY
PE9.Locked=true
File.Version=6
Dma.UART5_TX.3.Priority=DMA_PRIORITY_LOW
Dma.UART4_RX.0.PeriphDataAlignment=DMA_PDATAALIGN_BYTE
Dma.UART5_RX.4.Mode=DMA_NORMAL
SH.GPXTI11.ConfNb=1
NVIC.PendSV_IRQn=true\:15\:0\:false\:false\:false\:true\:false\:false
PE10.Signal=GPIO_Output
Dma.RequestsNb=6
ProjectManager.HalAssertFull=false
Dma.USART3_TX.1.FIFOMode=DMA_FIFOMODE_DISABLE
Dma.USART3_TX.1.Priority=DMA_PRIORITY_LOW
ProjectManager.ProjectName=Software
NVIC.DMA1_Stream7_IRQn=true\:5\:0\:false\:false\:true\:true\:false\:true
Dma.UART4_TX.2.MemDataAlignment=DMA_MDATAALIGN_BYTE
Dma.UART4_TX.2.PeriphInc=DMA_PINC_DISABLE
PH1-OSC_OUT.Mode=HSE-External-Oscillator
Mcu.Package=LQFP100
PA6.Signal=S_TIM13_CH1
PA5.Locked=true
NVIC.TimeBase=TIM6_DAC_IRQn
PA2.GPIO_ModeDefaultOutputPP=GPIO_MODE_OUTPUT_OD
SH.GPXTI11.0=GPIO_EXTI11
Dma.USART3_RX.5.Priority=DMA_PRIORITY_LOW
ProjectManager.ToolChainLocation=
RCC.LSI_VALUE=32000
NVIC.TimeBaseIP=TIM6
USART3.IPParameters=VirtualMode,Mode,BaudRate
VP_TIM13_VS_ClockSourceINT.Signal=TIM13_VS_ClockSourceINT
UART5.IPParameters=VirtualMode,BaudRate
PC11.Mode=Asynchronous
PA4.GPIO_ModeDefaultOutputPP=GPIO_MODE_OUTPUT_OD
Dma.UART4_TX.2.FIFOMode=DMA_FIFOMODE_DISABLE
SH.GPXTI14.ConfNb=1
Dma.Request2=UART4_TX
PC2.GPIO_ModeDefaultOutputPP=GPIO_MODE_OUTPUT_OD
Dma.Request1=USART3_TX
Dma.Request4=UART5_RX
Dma.Request3=UART5_TX
NVIC.BusFault_IRQn=true\:0\:0\:false\:false\:true\:false\:false\:false
Dma.Request5=USART3_RX
NVIC.DMA1_Stream0_IRQn=true\:5\:0\:false\:false\:true\:true\:false\:true
UART5.BaudRate=19200
VP_TIM14_VS_ClockSourceINT.Mode=Enable_Timer
Dma.USART3_TX.1.PeriphInc=DMA_PINC_DISABLE
TIM14.Pulse=42*10
TIM14.IPParameters=Channel,Period,Pulse,OCPolarity_1
Dma.Request0=UART4_RX
Dma.UART5_RX.4.RequestParameters=Instance,Direction,PeriphInc,MemInc,PeriphDataAlignment,MemDataAlignment,Mode,Priority,FIFOMode
Dma.UART4_TX.2.Mode=DMA_NORMAL
ProjectManager.CustomerFirmwarePackage=
PA3.Signal=GPIO_Output
NVIC.UART4_IRQn=true\:10\:0\:true\:false\:true\:true\:true\:true
Dma.UART5_TX.3.Mode=DMA_NORMAL
PA2.Locked=true
PA6.GPIOParameters=GPIO_ModeDefaultPP
SH.GPXTI10.0=GPIO_EXTI10
Dma.UART4_RX.0.MemInc=DMA_MINC_ENABLE
PC15-OSC32_OUT.Mode=LSE-External-Oscillator
Dma.USART3_TX.1.MemDataAlignment=DMA_MDATAALIGN_BYTE
ProjectManager.ProjectFileName=Software.ioc
PA3.GPIO_ModeDefaultOutputPP=GPIO_MODE_OUTPUT_OD
FREERTOS.Tasks01=defaultTask,24,128,StartDefaultTask,Default,NULL,Dynamic,NULL,NULL
UART4.IPParameters=VirtualMode,BaudRate
Mcu.PinsNb=37
VP_TIM14_VS_ClockSourceINT.Signal=TIM14_VS_ClockSourceINT
ProjectManager.NoMain=false
PC11.Locked=true
Dma.UART5_TX.3.PeriphDataAlignment=DMA_PDATAALIGN_BYTE
NVIC.SavedSvcallIrqHandlerGenerated=true
PC11.Signal=UART4_RX
Dma.UART4_RX.0.Mode=DMA_NORMAL
PC2.Signal=GPIO_Output
PC10.Mode=Asynchronous
Dma.USART3_RX.5.Instance=DMA1_Stream1
ProjectManager.DefaultFWLocation=true
Dma.UART4_TX.2.PeriphDataAlignment=DMA_PDATAALIGN_BYTE
PD9.Signal=USART3_RX
Dma.UART4_TX.2.Priority=DMA_PRIORITY_LOW
NVIC.DMA1_Stream1_IRQn=true\:5\:0\:false\:false\:true\:true\:false\:true
ProjectManager.DeletePrevious=true
UART5.VirtualMode=Asynchronous
PC0.Signal=GPIO_Input
Dma.UART5_RX.4.MemInc=DMA_MINC_ENABLE
UART4.VirtualMode=Asynchronous
PC14-OSC32_IN.Signal=RCC_OSC32_IN
PB10.Locked=true
RCC.FamilyName=M
PA0-WKUP.Signal=GPIO_Input
PA0-WKUP.Locked=true
PA7.GPIO_ModeDefaultPP=GPIO_MODE_AF_OD
Dma.UART5_TX.3.Instance=DMA1_Stream7
PC3.GPIOParameters=PinState,GPIO_ModeDefaultOutputPP
PA13.Signal=SYS_JTMS-SWDIO
Dma.UART4_TX.2.MemInc=DMA_MINC_ENABLE
PA4.PinState=GPIO_PIN_SET
Dma.UART4_RX.0.Direction=DMA_PERIPH_TO_MEMORY
TIM13.Channel=TIM_CHANNEL_1
ProjectManager.TargetToolchain=MDK-ARM V5.27
SH.S_TIM13_CH1.ConfNb=1
VP_CRC_VS_CRC.Signal=CRC_VS_CRC
Dma.USART3_TX.1.RequestParameters=Instance,Direction,PeriphInc,MemInc,PeriphDataAlignment,MemDataAlignment,Mode,Priority,FIFOMode
Dma.USART3_RX.5.FIFOMode=DMA_FIFOMODE_DISABLE
PC2.Locked=true
ProjectManager.RegisterCallBack=
SH.S_TIM14_CH1.ConfNb=1
Dma.UART4_RX.0.PeriphInc=DMA_PINC_DISABLE
PE11.Signal=GPIO_Output
PC15-OSC32_OUT.Signal=RCC_OSC32_OUT
PD8.Mode=Asynchronous
Dma.USART3_RX.5.PeriphInc=DMA_PINC_DISABLE
PA1.Signal=GPIO_Input
Dma.UART5_RX.4.PeriphInc=DMA_PINC_DISABLE
PB10.Signal=GPXTI10
TIM13.IPParameters=Channel,AutoReloadPreload,Pulse,Period,OCPolarity_1
RCC.VCOI2SOutputFreq_Value=192000000
PD2.Mode=Asynchronous
PA5.Signal=GPIO_Input
PC12.Mode=Asynchronous
Dma.UART4_TX.2.RequestParameters=Instance,Direction,PeriphInc,MemInc,PeriphDataAlignment,MemDataAlignment,Mode,Priority,FIFOMode
board=custom
Dma.USART3_RX.5.Direction=DMA_PERIPH_TO_MEMORY
RCC.VCOOutputFreq_Value=192000000
TIM13.Period=42*20-1
ProjectManager.LastFirmware=true
Dma.UART4_RX.0.FIFOMode=DMA_FIFOMODE_DISABLE
Dma.UART4_RX.0.Priority=DMA_PRIORITY_LOW
VP_TIM13_VS_ClockSourceINT.Mode=Enable_Timer
VP_SYS_VS_tim6.Signal=SYS_VS_tim6
NVIC.SavedSystickIrqHandlerGenerated=true
RCC.APB2Freq_Value=16000000
PE14.Signal=GPXTI14
PE15.Signal=GPXTI15
TIM14.Channel=TIM_CHANNEL_1
MxCube.Version=6.1.2
Mcu.Pin35=VP_TIM13_VS_ClockSourceINT
PE8.Signal=GPIO_Output
Mcu.Pin36=VP_TIM14_VS_ClockSourceINT
PC2.GPIOParameters=PinState,GPIO_ModeDefaultOutputPP
Mcu.Pin30=PC12
Mcu.Pin33=VP_FREERTOS_VS_CMSIS_V2
PH1-OSC_OUT.Signal=RCC_OSC_OUT
Mcu.Pin34=VP_SYS_VS_tim6
Dma.UART4_RX.0.RequestParameters=Instance,Direction,PeriphInc,MemInc,PeriphDataAlignment,MemDataAlignment,Mode,Priority,FIFOMode
Mcu.Pin31=PD2
Mcu.Pin32=VP_CRC_VS_CRC
NVIC.NonMaskableInt_IRQn=true\:0\:0\:false\:false\:true\:false\:false\:false
PA4.GPIOParameters=GPIO_Speed,PinState,GPIO_ModeDefaultOutputPP
Dma.UART5_RX.4.Instance=DMA1_Stream0
PA13.Mode=Serial_Wire
ProjectManager.FreePins=false
RCC.IPParameters=AHBFreq_Value,APB1Freq_Value,APB2Freq_Value,CortexFreq_Value,FamilyName,HSE_VALUE,HSI_VALUE,I2SClocksFreq_Value,LSI_VALUE,PLLCLKFreq_Value,PLLQCLKFreq_Value,RTCFreq_Value,RTCHSEDivFreq_Value,SYSCLKFreq_VALUE,VCOI2SOutputFreq_Value,VCOInputFreq_Value,VCOOutputFreq_Value,VcooutputI2S
PE11.Locked=true
ProjectManager.AskForMigrate=true
Mcu.Name=STM32F407V(E-G)Tx
Mcu.Pin26=PA13
Mcu.Pin27=PA14
NVIC.SavedPendsvIrqHandlerGenerated=true
RCC.RTCHSEDivFreq_Value=12500000
Mcu.Pin24=PD8
PA2.Signal=GPIO_Output
ProjectManager.UnderRoot=false
Mcu.Pin25=PD9
Mcu.IP8=UART4
VP_FREERTOS_VS_CMSIS_V2.Signal=FREERTOS_VS_CMSIS_V2
Mcu.IP9=UART5
Mcu.Pin28=PC10
Mcu.IP6=TIM13
Mcu.Pin29=PC11
Mcu.IP7=TIM14
ProjectManager.CoupleFile=false
PA4.Signal=GPIO_Output
RCC.SYSCLKFreq_VALUE=16000000
Dma.UART5_RX.4.PeriphDataAlignment=DMA_PDATAALIGN_BYTE
Mcu.Pin22=PB10
USART3.Mode=MODE_TX_RX
Mcu.Pin23=PB11
PA1.Locked=true
Mcu.Pin20=PE14
PA3.Locked=true
Mcu.Pin21=PE15
PC2.PinState=GPIO_PIN_SET
NVIC.ForceEnableDMAVector=true
KeepUserPlacement=false
Dma.UART5_RX.4.FIFOMode=DMA_FIFOMODE_DISABLE
USART3.VirtualMode=VM_ASYNC
Dma.UART5_RX.4.Priority=DMA_PRIORITY_LOW
Dma.UART5_TX.3.PeriphInc=DMA_PINC_DISABLE
NVIC.MemoryManagement_IRQn=true\:0\:0\:false\:false\:true\:false\:false\:false
Dma.UART5_TX.3.RequestParameters=Instance,Direction,PeriphInc,MemInc,PeriphDataAlignment,MemDataAlignment,Mode,Priority,FIFOMode
ProjectManager.CompilerOptimize=6
PA14.Signal=SYS_JTCK-SWCLK
ProjectManager.HeapSize=0x200
Mcu.Pin15=PA7
Dma.USART3_RX.5.Mode=DMA_NORMAL
NVIC.HardFault_IRQn=true\:0\:0\:false\:false\:true\:false\:false\:false
Mcu.Pin16=PE8
Mcu.Pin13=PA5
Mcu.Pin14=PA6
Mcu.Pin19=PE11
SH.GPXTI15.ConfNb=1
ProjectManager.ComputerToolchain=false
Mcu.Pin17=PE9
RCC.HSI_VALUE=16000000
Mcu.Pin18=PE10
NVIC.TIM8_UP_TIM13_IRQn=true\:5\:0\:false\:false\:true\:true\:true\:true
PC1.GPIO_ModeDefaultOutputPP=GPIO_MODE_OUTPUT_OD
NVIC.PriorityGroup=NVIC_PRIORITYGROUP_4
Mcu.Pin11=PA3
SH.GPXTI15.0=GPIO_EXTI15
Dma.USART3_TX.1.Direction=DMA_MEMORY_TO_PERIPH
TIM13.OCPolarity_1=TIM_OCPOLARITY_LOW
Mcu.Pin12=PA4
Mcu.Pin10=PA2
SH.GPXTI10.ConfNb=1
Dma.UART4_RX.0.Instance=DMA1_Stream2
PA3.PinState=GPIO_PIN_SET
NVIC.DMA1_Stream3_IRQn=true\:5\:0\:false\:false\:true\:true\:false\:true
Dma.USART3_RX.5.MemDataAlignment=DMA_MDATAALIGN_BYTE
Dma.USART3_RX.5.RequestParameters=Instance,Direction,PeriphInc,MemInc,PeriphDataAlignment,MemDataAlignment,Mode,Priority,FIFOMode
PC3.GPIO_ModeDefaultOutputPP=GPIO_MODE_OUTPUT_OD
PD2.Signal=UART5_RX
PD9.Locked=true
RCC.APB1Freq_Value=16000000
VP_CRC_VS_CRC.Mode=CRC_Activate
PA7.GPIOParameters=GPIO_ModeDefaultPP
PC0.Locked=true
PB11.Locked=true
ProjectManager.DeviceId=STM32F407VGTx
PC1.Signal=GPIO_Output
ProjectManager.LibraryCopy=0
PA7.Signal=S_TIM14_CH1
